
Microsoft Visual Studio Solution File, Format Version 12.00
# Visual Studio 15
VisualStudioVersion = 15.0.27130.2027
MinimumVisualStudioVersion = 10.0.40219.1
Project("{F184B08F-C81C-45F6-A57F-5ABD9991F28F}") = "Employee", "Employee\Employee.vbproj", "{A0132E11-75F4-4879-8D9D-8FAFC7B45143}"
EndProject
Global
	GlobalSection(SolutionConfigurationPlatforms) = preSolution
		Debug|Any CPU = Debug|Any CPU
		Release|Any CPU = Release|Any CPU
	EndGlobalSection
	GlobalSection(ProjectConfigurationPlatforms) = postSolution
		{A0132E11-75F4-4879-8D9D-8FAFC7B45143}.Debug|Any CPU.ActiveCfg = Debug|Any CPU
		{A0132E11-75F4-4879-8D9D-8FAFC7B45143}.Debug|Any CPU.Build.0 = Debug|Any CPU
		{A0132E11-75F4-4879-8D9D-8FAFC7B45143}.Release|Any CPU.ActiveCfg = Release|Any CPU
		{A0132E11-75F4-4879-8D9D-8FAFC7B45143}.Release|Any CPU.Build.0 = Release|Any CPU
	EndGlobalSection
	GlobalSection(SolutionProperties) = preSolution
		HideSolutionNode = FALSE
	EndGlobalSection
	GlobalSection(ExtensibilityGlobals) = postSolution
		SolutionGuid = {6C3242B9-E722-450E-B7EE-D0EC4CA7D044}
	EndGlobalSection
EndGlobal
